{"version":4,"terraform_version":"1.9.1","serial":2,"lineage":"5b0a8efd-5813-773a-6857-7db2d36db2ca","outputs":{},"resources":[{"mode":"managed","type":"aws_s3_bucket","name":"backend_bucket","provider":"provider[\"registry.opentofu.org/hashicorp/aws\"]","instances":[{"schema_version":0,"attributes":{"acceleration_status":"","acl":null,"arn":"arn:aws:s3:::cloudcomp20-terraform-state-bucket","bucket":"cloudcomp20-terraform-state-bucket","bucket_domain_name":"cloudcomp20-terraform-state-bucket.s3.amazonaws.com","bucket_prefix":"","bucket_regional_domain_name":"cloudcomp20-terraform-state-bucket.s3.us-east-1.amazonaws.com","cors_rule":[],"force_destroy":false,"grant":[{"id":"14d3812dfc5ce2a73142e1a58091b66901ad9b0a2807d18e3b40281ccd9431ca","permissions":["FULL_CONTROL"],"type":"CanonicalUser","uri":""}],"hosted_zone_id":"Z3AQBSTGFYJSTF","id":"cloudcomp20-terraform-state-bucket","lifecycle_rule":[],"logging":[],"object_lock_configuration":[],"object_lock_enabled":false,"policy":"","region":"us-east-1","replication_configuration":[],"request_payer":"BucketOwner","server_side_encryption_configuration":[{"rule":[{"apply_server_side_encryption_by_default":[{"kms_master_key_id":"","sse_algorithm":"AES256"}],"bucket_key_enabled":false}]}],"tags":{"Name":"Terraform state bucket"},"tags_all":{"Name":"Terraform state bucket"},"timeouts":null,"versioning":[{"enabled":false,"mfa_delete":false}],"website":[],"website_domain":null,"website_endpoint":null},"sensitive_attributes":[],"private":"eyJlMmJmYjczMC1lY2FhLTExZTYtOGY4OC0zNDM2M2JjN2M0YzAiOnsiY3JlYXRlIjoxMjAwMDAwMDAwMDAwLCJkZWxldGUiOjM2MDAwMDAwMDAwMDAsInJlYWQiOjEyMDAwMDAwMDAwMDAsInVwZGF0ZSI6MTIwMDAwMDAwMDAwMH19"}]}],"check_results":null}
